
Microsoft Visual Studio Solution File, Format Version 12.00
# Visual Studio Version 17
VisualStudioVersion = 17.1.32414.318
MinimumVisualStudioVersion = 10.0.40219.1
Project("{FAE04EC0-301F-11D3-BF4B-00C04F79EFBC}") = "wpf-api", "wpf-api.csproj", "{689C9A90-5ED2-41D9-B024-3669F1BCFABD}"
EndProject
Global
	GlobalSection(SolutionConfigurationPlatforms) = preSolution
		Debug|Any CPU = Debug|Any CPU
		Release|Any CPU = Release|Any CPU
	EndGlobalSection
	GlobalSection(ProjectConfigurationPlatforms) = postSolution
		{689C9A90-5ED2-41D9-B024-3669F1BCFABD}.Debug|Any CPU.ActiveCfg = Debug|Any CPU
		{689C9A90-5ED2-41D9-B024-3669F1BCFABD}.Debug|Any CPU.Build.0 = Debug|Any CPU
		{689C9A90-5ED2-41D9-B024-3669F1BCFABD}.Release|Any CPU.ActiveCfg = Release|Any CPU
		{689C9A90-5ED2-41D9-B024-3669F1BCFABD}.Release|Any CPU.Build.0 = Release|Any CPU
	EndGlobalSection
	GlobalSection(SolutionProperties) = preSolution
		HideSolutionNode = FALSE
	EndGlobalSection
	GlobalSection(ExtensibilityGlobals) = postSolution
		SolutionGuid = {5E3F4E1B-4C2C-4BD9-9E2A-A518A56FB5FD}
	EndGlobalSection
EndGlobal
