
Microsoft Visual Studio Solution File, Format Version 12.00
Project("{FAE04EC0-301F-11D3-BF4B-00C04F79EFBC}") = "ASP.NETCoreWebApplication1", "ASP.NETCoreWebApplication1\ASP.NETCoreWebApplication1.csproj", "{2059200F-D498-4419-80E8-280CDE31589C}"
EndProject
Global
	GlobalSection(SolutionConfigurationPlatforms) = preSolution
		Debug|Any CPU = Debug|Any CPU
		Release|Any CPU = Release|Any CPU
	EndGlobalSection
	GlobalSection(ProjectConfigurationPlatforms) = postSolution
		{2059200F-D498-4419-80E8-280CDE31589C}.Debug|Any CPU.ActiveCfg = Debug|Any CPU
		{2059200F-D498-4419-80E8-280CDE31589C}.Debug|Any CPU.Build.0 = Debug|Any CPU
		{2059200F-D498-4419-80E8-280CDE31589C}.Release|Any CPU.ActiveCfg = Release|Any CPU
		{2059200F-D498-4419-80E8-280CDE31589C}.Release|Any CPU.Build.0 = Release|Any CPU
	EndGlobalSection
EndGlobal
